// !$*UTF8*$!
{
	archiveVersion = 1;
	classes = {
	};
	objectVersion = 50;
	objects = {

/* Begin PBXBuildFile section */
		8104E71D22C31E8400C6F6F4 /* AppDelegate.swift in Sources */ = {isa = PBXBuildFile; fileRef = 8104E71C22C31E8400C6F6F4 /* AppDelegate.swift */; };
		8104E71F22C31E8400C6F6F4 /* ViewController.swift in Sources */ = {isa = PBXBuildFile; fileRef = 8104E71E22C31E8400C6F6F4 /* ViewController.swift */; };
		8104E72222C31E8400C6F6F4 /* Main.storyboard in Resources */ = {isa = PBXBuildFile; fileRef = 8104E72022C31E8400C6F6F4 /* Main.storyboard */; };
		8104E72422C31E8400C6F6F4 /* Assets.xcassets in Resources */ = {isa = PBXBuildFile; fileRef = 8104E72322C31E8400C6F6F4 /* Assets.xcassets */; };
		8104E72722C31E8400C6F6F4 /* LaunchScreen.storyboard in Resources */ = {isa = PBXBuildFile; fileRef = 8104E72522C31E8400C6F6F4 /* LaunchScreen.storyboard */; };
		8104E73222C31F9800C6F6F4 /* DataService.swift in Sources */ = {isa = PBXBuildFile; fileRef = 8104E73122C31F9800C6F6F4 /* DataService.swift */; };
		8104E73422C31FAF00C6F6F4 /* Weather.swift in Sources */ = {isa = PBXBuildFile; fileRef = 8104E73322C31FAF00C6F6F4 /* Weather.swift */; };
		8104E73622C31FE400C6F6F4 /* CustomTableViewCell.swift in Sources */ = {isa = PBXBuildFile; fileRef = 8104E73522C31FE400C6F6F4 /* CustomTableViewCell.swift */; };
		8104E73922C3204400C6F6F4 /* TimeInterval.swift in Sources */ = {isa = PBXBuildFile; fileRef = 8104E73822C3204400C6F6F4 /* TimeInterval.swift */; };
		8104E73B22C3209000C6F6F4 /* UIImageView.swift in Sources */ = {isa = PBXBuildFile; fileRef = 8104E73A22C3209000C6F6F4 /* UIImageView.swift */; };
/* End PBXBuildFile section */

/* Begin PBXFileReference section */
		8104E71922C31E8400C6F6F4 /* WeatherAPI.app */ = {isa = PBXFileReference; explicitFileType = wrapper.application; includeInIndex = 0; path = WeatherAPI.app; sourceTree = BUILT_PRODUCTS_DIR; };
		8104E71C22C31E8400C6F6F4 /* AppDelegate.swift */ = {isa = PBXFileReference; lastKnownFileType = sourcecode.swift; path = AppDelegate.swift; sourceTree = "<group>"; };
		8104E71E22C31E8400C6F6F4 /* ViewController.swift */ = {isa = PBXFileReference; lastKnownFileType = sourcecode.swift; path = ViewController.swift; sourceTree = "<group>"; };
		8104E72122C31E8400C6F6F4 /* Base */ = {isa = PBXFileReference; lastKnownFileType = file.storyboard; name = Base; path = Base.lproj/Main.storyboard; sourceTree = "<group>"; };
		8104E72322C31E8400C6F6F4 /* Assets.xcassets */ = {isa = PBXFileReference; lastKnownFileType = folder.assetcatalog; path = Assets.xcassets; sourceTree = "<group>"; };
		8104E72622C31E8400C6F6F4 /* Base */ = {isa = PBXFileReference; lastKnownFileType = file.storyboard; name = Base; path = Base.lproj/LaunchScreen.storyboard; sourceTree = "<group>"; };
		8104E72822C31E8400C6F6F4 /* Info.plist */ = {isa = PBXFileReference; lastKnownFileType = text.plist.xml; path = Info.plist; sourceTree = "<group>"; };
		8104E73122C31F9800C6F6F4 /* DataService.swift */ = {isa = PBXFileReference; lastKnownFileType = sourcecode.swift; path = DataService.swift; sourceTree = "<group>"; };
		8104E73322C31FAF00C6F6F4 /* Weather.swift */ = {isa = PBXFileReference; lastKnownFileType = sourcecode.swift; path = Weather.swift; sourceTree = "<group>"; };
		8104E73522C31FE400C6F6F4 /* CustomTableViewCell.swift */ = {isa = PBXFileReference; lastKnownFileType = sourcecode.swift; path = CustomTableViewCell.swift; sourceTree = "<group>"; };
		8104E73822C3204400C6F6F4 /* TimeInterval.swift */ = {isa = PBXFileReference; lastKnownFileType = sourcecode.swift; path = TimeInterval.swift; sourceTree = "<group>"; };
		8104E73A22C3209000C6F6F4 /* UIImageView.swift */ = {isa = PBXFileReference; lastKnownFileType = sourcecode.swift; path = UIImageView.swift; sourceTree = "<group>"; };
/* End PBXFileReference section */

/* Begin PBXFrameworksBuildPhase section */
		8104E71622C31E8400C6F6F4 /* Frameworks */ = {
			isa = PBXFrameworksBuildPhase;
			buildActionMask = 2147483647;
			files = (
			);
			runOnlyForDeploymentPostprocessing = 0;
		};
/* End PBXFrameworksBuildPhase section */

/* Begin PBXGroup section */
		8104E71022C31E8400C6F6F4 = {
			isa = PBXGroup;
			children = (
				8104E71B22C31E8400C6F6F4 /* WeatherAPI */,
				8104E71A22C31E8400C6F6F4 /* Products */,
			);
			sourceTree = "<group>";
		};
		8104E71A22C31E8400C6F6F4 /* Products */ = {
			isa = PBXGroup;
			children = (
				8104E71922C31E8400C6F6F4 /* WeatherAPI.app */,
			);
			name = Products;
			sourceTree = "<group>";
		};
		8104E71B22C31E8400C6F6F4 /* WeatherAPI */ = {
			isa = PBXGroup;
			children = (
				8104E73722C3202900C6F6F4 /* Extensions */,
				8104E73022C31F5D00C6F6F4 /* Controller */,
				8104E72F22C31F5900C6F6F4 /* View */,
				8104E72E22C31F5000C6F6F4 /* Model */,
				8104E71C22C31E8400C6F6F4 /* AppDelegate.swift */,
				8104E72022C31E8400C6F6F4 /* Main.storyboard */,
				8104E72322C31E8400C6F6F4 /* Assets.xcassets */,
				8104E72522C31E8400C6F6F4 /* LaunchScreen.storyboard */,
				8104E72822C31E8400C6F6F4 /* Info.plist */,
			);
			path = WeatherAPI;
			sourceTree = "<group>";
		};
		8104E72E22C31F5000C6F6F4 /* Model */ = {
			isa = PBXGroup;
			children = (
				8104E73122C31F9800C6F6F4 /* DataService.swift */,
				8104E73322C31FAF00C6F6F4 /* Weather.swift */,
			);
			path = Model;
			sourceTree = "<group>";
		};
		8104E72F22C31F5900C6F6F4 /* View */ = {
			isa = PBXGroup;
			children = (
				8104E73522C31FE400C6F6F4 /* CustomTableViewCell.swift */,
			);
			path = View;
			sourceTree = "<group>";
		};
		8104E73022C31F5D00C6F6F4 /* Controller */ = {
			isa = PBXGroup;
			children = (
				8104E71E22C31E8400C6F6F4 /* ViewController.swift */,
			);
			path = Controller;
			sourceTree = "<group>";
		};
		8104E73722C3202900C6F6F4 /* Extensions */ = {
			isa = PBXGroup;
			children = (
				8104E73822C3204400C6F6F4 /* TimeInterval.swift */,
				8104E73A22C3209000C6F6F4 /* UIImageView.swift */,
			);
			path = Extensions;
			sourceTree = "<group>";
		};
/* End PBXGroup section */

/* Begin PBXNativeTarget section */
		8104E71822C31E8400C6F6F4 /* WeatherAPI */ = {
			isa = PBXNativeTarget;
			buildConfigurationList = 8104E72B22C31E8400C6F6F4 /* Build configuration list for PBXNativeTarget "WeatherAPI" */;
			buildPhases = (
				8104E71522C31E8400C6F6F4 /* Sources */,
				8104E71622C31E8400C6F6F4 /* Frameworks */,
				8104E71722C31E8400C6F6F4 /* Resources */,
			);
			buildRules = (
			);
			dependencies = (
			);
			name = WeatherAPI;
			productName = WeatherAPI;
			productReference = 8104E71922C31E8400C6F6F4 /* WeatherAPI.app */;
			productType = "com.apple.product-type.application";
		};
/* End PBXNativeTarget section */

/* Begin PBXProject section */
		8104E71122C31E8400C6F6F4 /* Project object */ = {
			isa = PBXProject;
			attributes = {
				LastSwiftUpdateCheck = 1020;
				LastUpgradeCheck = 1020;
				ORGANIZATIONNAME = Boss;
				TargetAttributes = {
					8104E71822C31E8400C6F6F4 = {
						CreatedOnToolsVersion = 10.2;
					};
				};
			};
			buildConfigurationList = 8104E71422C31E8400C6F6F4 /* Build configuration list for PBXProject "WeatherAPI" */;
			compatibilityVersion = "Xcode 9.3";
			developmentRegion = en;
			hasScannedForEncodings = 0;
			knownRegions = (
				en,
				Base,
			);
			mainGroup = 8104E71022C31E8400C6F6F4;
			productRefGroup = 8104E71A22C31E8400C6F6F4 /* Products */;
			projectDirPath = "";
			projectRoot = "";
			targets = (
				8104E71822C31E8400C6F6F4 /* WeatherAPI */,
			);
		};
/* End PBXProject section */

/* Begin PBXResourcesBuildPhase section */
		8104E71722C31E8400C6F6F4 /* Resources */ = {
			isa = PBXResourcesBuildPhase;
			buildActionMask = 2147483647;
			files = (
				8104E72722C31E8400C6F6F4 /* LaunchScreen.storyboard in Resources */,
				8104E72422C31E8400C6F6F4 /* Assets.xcassets in Resources */,
				8104E72222C31E8400C6F6F4 /* Main.storyboard in Resources */,
			);
			runOnlyForDeploymentPostprocessing = 0;
		};
/* End PBXResourcesBuildPhase section */

/* Begin PBXSourcesBuildPhase section */
		8104E71522C31E8400C6F6F4 /* Sources */ = {
			isa = PBXSourcesBuildPhase;
			buildActionMask = 2147483647;
			files = (
				8104E73622C31FE400C6F6F4 /* CustomTableViewCell.swift in Sources */,
				8104E73922C3204400C6F6F4 /* TimeInterval.swift in Sources */,
				8104E73B22C3209000C6F6F4 /* UIImageView.swift in Sources */,
				8104E73222C31F9800C6F6F4 /* DataService.swift in Sources */,
				8104E73422C31FAF00C6F6F4 /* Weather.swift in Sources */,
				8104E71F22C31E8400C6F6F4 /* ViewController.swift in Sources */,
				8104E71D22C31E8400C6F6F4 /* AppDelegate.swift in Sources */,
			);
			runOnlyForDeploymentPostprocessing = 0;
		};
/* End PBXSourcesBuildPhase section */

/* Begin PBXVariantGroup section */
		8104E72022C31E8400C6F6F4 /* Main.storyboard */ = {
			isa = PBXVariantGroup;
			children = (
				8104E72122C31E8400C6F6F4 /* Base */,
			);
			name = Main.storyboard;
			sourceTree = "<group>";
		};
		8104E72522C31E8400C6F6F4 /* LaunchScreen.storyboard */ = {
			isa = PBXVariantGroup;
			children = (
				8104E72622C31E8400C6F6F4 /* Base */,
			);
			name = LaunchScreen.storyboard;
			sourceTree = "<group>";
		};
/* End PBXVariantGroup section */

/* Begin XCBuildConfiguration section */
		8104E72922C31E8400C6F6F4 /* Debug */ = {
			isa = XCBuildConfiguration;
			buildSettings = {
				ALWAYS_SEARCH_USER_PATHS = NO;
				CLANG_ANALYZER_NONNULL = YES;
				CLANG_ANALYZER_NUMBER_OBJECT_CONVERSION = YES_AGGRESSIVE;
				CLANG_CXX_LANGUAGE_STANDARD = "gnu++14";
				CLANG_CXX_LIBRARY = "libc++";
				CLANG_ENABLE_MODULES = YES;
				CLANG_ENABLE_OBJC_ARC = YES;
				CLANG_ENABLE_OBJC_WEAK = YES;
				CLANG_WARN_BLOCK_CAPTURE_AUTORELEASING = YES;
				CLANG_WARN_BOOL_CONVERSION = YES;
				CLANG_WARN_COMMA = YES;
				CLANG_WARN_CONSTANT_CONVERSION = YES;
				CLANG_WARN_DEPRECATED_OBJC_IMPLEMENTATIONS = YES;
				CLANG_WARN_DIRECT_OBJC_ISA_USAGE = YES_ERROR;
				CLANG_WARN_DOCUMENTATION_COMMENTS = YES;
				CLANG_WARN_EMPTY_BODY = YES;
				CLANG_WARN_ENUM_CONVERSION = YES;
				CLANG_WARN_INFINITE_RECURSION = YES;
				CLANG_WARN_INT_CONVERSION = YES;
				CLANG_WARN_NON_LITERAL_NULL_CONVERSION = YES;
				CLANG_WARN_OBJC_IMPLICIT_RETAIN_SELF = YES;
				CLANG_WARN_OBJC_LITERAL_CONVERSION = YES;
				CLANG_WARN_OBJC_ROOT_CLASS = YES_ERROR;
				CLANG_WARN_RANGE_LOOP_ANALYSIS = YES;
				CLANG_WARN_STRICT_PROTOTYPES = YES;
				CLANG_WARN_SUSPICIOUS_MOVE = YES;
				CLANG_WARN_UNGUARDED_AVAILABILITY = YES_AGGRESSIVE;
				CLANG_WARN_UNREACHABLE_CODE = YES;
				CLANG_WARN__DUPLICATE_METHOD_MATCH = YES;
				CODE_SIGN_IDENTITY = "iPhone Developer";
				COPY_PHASE_STRIP = NO;
				DEBUG_INFORMATION_FORMAT = dwarf;
				ENABLE_STRICT_OBJC_MSGSEND = YES;
				ENABLE_TESTABILITY = YES;
				GCC_C_LANGUAGE_STANDARD = gnu11;
				GCC_DYNAMIC_NO_PIC = NO;
				GCC_NO_COMMON_BLOCKS = YES;
				GCC_OPTIMIZATION_LEVEL = 0;
				GCC_PREPROCESSOR_DEFINITIONS = (
					"DEBUG=1",
					"$(inherited)",
				);
				GCC_WARN_64_TO_32_BIT_CONVERSION = YES;
				GCC_WARN_ABOUT_RETURN_TYPE = YES_ERROR;
				GCC_WARN_UNDECLARED_SELECTOR = YES;
				GCC_WARN_UNINITIALIZED_AUTOS = YES_AGGRESSIVE;
				GCC_WARN_UNUSED_FUNCTION = YES;
				GCC_WARN_UNUSED_VARIABLE = YES;
				IPHONEOS_DEPLOYMENT_TARGET = 12.2;
				MTL_ENABLE_DEBUG_INFO = INCLUDE_SOURCE;
				MTL_FAST_MATH = YES;
				ONLY_ACTIVE_ARCH = YES;
				SDKROOT = iphoneos;
				SWIFT_ACTIVE_COMPILATION_CONDITIONS = DEBUG;
				SWIFT_OPTIMIZATION_LEVEL = "-Onone";
			};
			name = Debug;
		};
		8104E72A22C31E8400C6F6F4 /* Release */ = {
			isa = XCBuildConfiguration;
			buildSettings = {
				ALWAYS_SEARCH_USER_PATHS = NO;
				CLANG_ANALYZER_NONNULL = YES;
				CLANG_ANALYZER_NUMBER_OBJECT_CONVERSION = YES_AGGRESSIVE;
				CLANG_CXX_LANGUAGE_STANDARD = "gnu++14";
				CLANG_CXX_LIBRARY = "libc++";
				CLANG_ENABLE_MODULES = YES;
				CLANG_ENABLE_OBJC_ARC = YES;
				CLANG_ENABLE_OBJC_WEAK = YES;
				CLANG_WARN_BLOCK_CAPTURE_AUTORELEASING = YES;
				CLANG_WARN_BOOL_CONVERSION = YES;
				CLANG_WARN_COMMA = YES;
				CLANG_WARN_CONSTANT_CONVERSION = YES;
				CLANG_WARN_DEPRECATED_OBJC_IMPLEMENTATIONS = YES;
				CLANG_WARN_DIRECT_OBJC_ISA_USAGE = YES_ERROR;
				CLANG_WARN_DOCUMENTATION_COMMENTS = YES;
				CLANG_WARN_EMPTY_BODY = YES;
				CLANG_WARN_ENUM_CONVERSION = YES;
				CLANG_WARN_INFINITE_RECURSION = YES;
				CLANG_WARN_INT_CONVERSION = YES;
				CLANG_WARN_NON_LITERAL_NULL_CONVERSION = YES;
				CLANG_WARN_OBJC_IMPLICIT_RETAIN_SELF = YES;
				CLANG_WARN_OBJC_LITERAL_CONVERSION = YES;
				CLANG_WARN_OBJC_ROOT_CLASS = YES_ERROR;
				CLANG_WARN_RANGE_LOOP_ANALYSIS = YES;
				CLANG_WARN_STRICT_PROTOTYPES = YES;
				CLANG_WARN_SUSPICIOUS_MOVE = YES;
				CLANG_WARN_UNGUARDED_AVAILABILITY = YES_AGGRESSIVE;
				CLANG_WARN_UNREACHABLE_CODE = YES;
				CLANG_WARN__DUPLICATE_METHOD_MATCH = YES;
				CODE_SIGN_IDENTITY = "iPhone Developer";
				COPY_PHASE_STRIP = NO;
				DEBUG_INFORMATION_FORMAT = "dwarf-with-dsym";
				ENABLE_NS_ASSERTIONS = NO;
				ENABLE_STRICT_OBJC_MSGSEND = YES;
				GCC_C_LANGUAGE_STANDARD = gnu11;
				GCC_NO_COMMON_BLOCKS = YES;
				GCC_WARN_64_TO_32_BIT_CONVERSION = YES;
				GCC_WARN_ABOUT_RETURN_TYPE = YES_ERROR;
				GCC_WARN_UNDECLARED_SELECTOR = YES;
				GCC_WARN_UNINITIALIZED_AUTOS = YES_AGGRESSIVE;
				GCC_WARN_UNUSED_FUNCTION = YES;
				GCC_WARN_UNUSED_VARIABLE = YES;
				IPHONEOS_DEPLOYMENT_TARGET = 12.2;
				MTL_ENABLE_DEBUG_INFO = NO;
				MTL_FAST_MATH = YES;
				SDKROOT = iphoneos;
				SWIFT_COMPILATION_MODE = wholemodule;
				SWIFT_OPTIMIZATION_LEVEL = "-O";
				VALIDATE_PRODUCT = YES;
			};
			name = Release;
		};
		8104E72C22C31E8400C6F6F4 /* Debug */ = {
			isa = XCBuildConfiguration;
			buildSettings = {
				ASSETCATALOG_COMPILER_APPICON_NAME = AppIcon;
				CODE_SIGN_STYLE = Automatic;
				INFOPLIST_FILE = WeatherAPI/Info.plist;
				LD_RUNPATH_SEARCH_PATHS = (
					"$(inherited)",
					"@executable_path/Frameworks",
				);
				PRODUCT_BUNDLE_IDENTIFIER = cherry.WeatherAPI;
				PRODUCT_NAME = "$(TARGET_NAME)";
				SWIFT_VERSION = 5.0;
				TARGETED_DEVICE_FAMILY = "1,2";
			};
			name = Debug;
		};
		8104E72D22C31E8400C6F6F4 /* Release */ = {
			isa = XCBuildConfiguration;
			buildSettings = {
				ASSETCATALOG_COMPILER_APPICON_NAME = AppIcon;
				CODE_SIGN_STYLE = Automatic;
				INFOPLIST_FILE = WeatherAPI/Info.plist;
				LD_RUNPATH_SEARCH_PATHS = (
					"$(inherited)",
					"@executable_path/Frameworks",
				);
				PRODUCT_BUNDLE_IDENTIFIER = cherry.WeatherAPI;
				PRODUCT_NAME = "$(TARGET_NAME)";
				SWIFT_VERSION = 5.0;
				TARGETED_DEVICE_FAMILY = "1,2";
			};
			name = Release;
		};
/* End XCBuildConfiguration section */

/* Begin XCConfigurationList section */
		8104E71422C31E8400C6F6F4 /* Build configuration list for PBXProject "WeatherAPI" */ = {
			isa = XCConfigurationList;
			buildConfigurations = (
				8104E72922C31E8400C6F6F4 /* Debug */,
				8104E72A22C31E8400C6F6F4 /* Release */,
			);
			defaultConfigurationIsVisible = 0;
			defaultConfigurationName = Release;
		};
		8104E72B22C31E8400C6F6F4 /* Build configuration list for PBXNativeTarget "WeatherAPI" */ = {
			isa = XCConfigurationList;
			buildConfigurations = (
				8104E72C22C31E8400C6F6F4 /* Debug */,
				8104E72D22C31E8400C6F6F4 /* Release */,
			);
			defaultConfigurationIsVisible = 0;
			defaultConfigurationName = Release;
		};
/* End XCConfigurationList section */
	};
	rootObject = 8104E71122C31E8400C6F6F4 /* Project object */;
}
